{
  "requires": true,
  "lockfileVersion": 1,
  "dependencies": {
    "@ui-platform/angularjs-bootstrap4-datetimepicker": {
      "version": "1.0.1",
      "resolved": "https://registry.npmjs.org/@ui-platform/angularjs-bootstrap4-datetimepicker/-/angularjs-bootstrap4-datetimepicker-1.0.1.tgz",
      "integrity": "sha512-musYWityzev51X3zphoM9xAq3ksY5Z37ic74qA0T+IeyREog2XZofPVKSnLcMODk8//rNsFJbci+MTyX4Ntrsg=="
    },
    "angular": {
      "version": "1.7.5",
      "resolved": "https://registry.npmjs.org/angular/-/angular-1.7.5.tgz",
      "integrity": "sha512-760183yxtGzni740IBTieNuWLtPNAoMqvmC0Z62UoU0I3nqk+VJuO3JbQAXOyvo3Oy/ZsdNQwrSTh/B0OQZjNw=="
    },
    "angular-date-time-input": {
      "version": "1.2.1",
      "resolved": "https://registry.npmjs.org/angular-date-time-input/-/angular-date-time-input-1.2.1.tgz",
      "integrity": "sha1-bXt+tH+yz2GYylZMXdW8UVYnnXY=",
      "requires": {
        "angular": "^1.x",
        "moment": "^2.15.x"
      }
    },
    "moment": {
      "version": "2.22.2",
      "resolved": "https://registry.npmjs.org/moment/-/moment-2.22.2.tgz",
      "integrity": "sha1-PCV/mDn8DpP/UxSWMiOeuQeD/2Y="
    }
  }
}
